// !$*UTF8*$!
{
	archiveVersion = 1;
	classes = {
	};
	objectVersion = 56;
	objects = {

/* Begin PBXBuildFile section */
		548949DC2982F6240098D79F /* AppDelegate.swift in Sources */ = {isa = PBXBuildFile; fileRef = 548949DB2982F6240098D79F /* AppDelegate.swift */; };
		548949DE2982F6240098D79F /* SceneDelegate.swift in Sources */ = {isa = PBXBuildFile; fileRef = 548949DD2982F6240098D79F /* SceneDelegate.swift */; };
		548949E52982F6250098D79F /* Assets.xcassets in Resources */ = {isa = PBXBuildFile; fileRef = 548949E42982F6250098D79F /* Assets.xcassets */; };
		548949E82982F6250098D79F /* LaunchScreen.storyboard in Resources */ = {isa = PBXBuildFile; fileRef = 548949E62982F6250098D79F /* LaunchScreen.storyboard */; };
		548949F12982F97C0098D79F /* LoginViewController.swift in Sources */ = {isa = PBXBuildFile; fileRef = 548949EF2982F97C0098D79F /* LoginViewController.swift */; };
		548949F22982F97C0098D79F /* LoginViewController.xib in Resources */ = {isa = PBXBuildFile; fileRef = 548949F02982F97C0098D79F /* LoginViewController.xib */; };
		548949F52982F98A0098D79F /* RegisterViewController.swift in Sources */ = {isa = PBXBuildFile; fileRef = 548949F32982F98A0098D79F /* RegisterViewController.swift */; };
		548949F62982F98A0098D79F /* RegisterViewController.xib in Resources */ = {isa = PBXBuildFile; fileRef = 548949F42982F98A0098D79F /* RegisterViewController.xib */; };
		548949F92982F9970098D79F /* HomeViewController.swift in Sources */ = {isa = PBXBuildFile; fileRef = 548949F72982F9970098D79F /* HomeViewController.swift */; };
		548949FA2982F9970098D79F /* HomeViewController.xib in Resources */ = {isa = PBXBuildFile; fileRef = 548949F82982F9970098D79F /* HomeViewController.xib */; };
		548949FF2982FB660098D79F /* GoogleService-Info.plist in Resources */ = {isa = PBXBuildFile; fileRef = 548949FE2982FB660098D79F /* GoogleService-Info.plist */; };
		54894A022982FB990098D79F /* FirebaseAuth in Frameworks */ = {isa = PBXBuildFile; productRef = 54894A012982FB990098D79F /* FirebaseAuth */; };
		54894A04298305960098D79F /* UserDefaultsManager.swift in Sources */ = {isa = PBXBuildFile; fileRef = 54894A03298305960098D79F /* UserDefaultsManager.swift */; };
/* End PBXBuildFile section */

/* Begin PBXFileReference section */
		548949D82982F6240098D79F /* FirebaseLogin.app */ = {isa = PBXFileReference; explicitFileType = wrapper.application; includeInIndex = 0; path = FirebaseLogin.app; sourceTree = BUILT_PRODUCTS_DIR; };
		548949DB2982F6240098D79F /* AppDelegate.swift */ = {isa = PBXFileReference; lastKnownFileType = sourcecode.swift; path = AppDelegate.swift; sourceTree = "<group>"; };
		548949DD2982F6240098D79F /* SceneDelegate.swift */ = {isa = PBXFileReference; lastKnownFileType = sourcecode.swift; path = SceneDelegate.swift; sourceTree = "<group>"; };
		548949E42982F6250098D79F /* Assets.xcassets */ = {isa = PBXFileReference; lastKnownFileType = folder.assetcatalog; path = Assets.xcassets; sourceTree = "<group>"; };
		548949E72982F6250098D79F /* Base */ = {isa = PBXFileReference; lastKnownFileType = file.storyboard; name = Base; path = Base.lproj/LaunchScreen.storyboard; sourceTree = "<group>"; };
		548949E92982F6250098D79F /* Info.plist */ = {isa = PBXFileReference; lastKnownFileType = text.plist.xml; path = Info.plist; sourceTree = "<group>"; };
		548949EF2982F97C0098D79F /* LoginViewController.swift */ = {isa = PBXFileReference; lastKnownFileType = sourcecode.swift; path = LoginViewController.swift; sourceTree = "<group>"; };
		548949F02982F97C0098D79F /* LoginViewController.xib */ = {isa = PBXFileReference; lastKnownFileType = file.xib; path = LoginViewController.xib; sourceTree = "<group>"; };
		548949F32982F98A0098D79F /* RegisterViewController.swift */ = {isa = PBXFileReference; lastKnownFileType = sourcecode.swift; path = RegisterViewController.swift; sourceTree = "<group>"; };
		548949F42982F98A0098D79F /* RegisterViewController.xib */ = {isa = PBXFileReference; lastKnownFileType = file.xib; path = RegisterViewController.xib; sourceTree = "<group>"; };
		548949F72982F9970098D79F /* HomeViewController.swift */ = {isa = PBXFileReference; lastKnownFileType = sourcecode.swift; path = HomeViewController.swift; sourceTree = "<group>"; };
		548949F82982F9970098D79F /* HomeViewController.xib */ = {isa = PBXFileReference; lastKnownFileType = file.xib; path = HomeViewController.xib; sourceTree = "<group>"; };
		548949FE2982FB660098D79F /* GoogleService-Info.plist */ = {isa = PBXFileReference; fileEncoding = 4; lastKnownFileType = text.plist.xml; path = "GoogleService-Info.plist"; sourceTree = "<group>"; };
		54894A03298305960098D79F /* UserDefaultsManager.swift */ = {isa = PBXFileReference; lastKnownFileType = sourcecode.swift; path = UserDefaultsManager.swift; sourceTree = "<group>"; };
/* End PBXFileReference section */

/* Begin PBXFrameworksBuildPhase section */
		548949D52982F6240098D79F /* Frameworks */ = {
			isa = PBXFrameworksBuildPhase;
			buildActionMask = 2147483647;
			files = (
				54894A022982FB990098D79F /* FirebaseAuth in Frameworks */,
			);
			runOnlyForDeploymentPostprocessing = 0;
		};
/* End PBXFrameworksBuildPhase section */

/* Begin PBXGroup section */
		548949CF2982F6240098D79F = {
			isa = PBXGroup;
			children = (
				548949DA2982F6240098D79F /* FirebaseLogin */,
				548949D92982F6240098D79F /* Products */,
			);
			sourceTree = "<group>";
		};
		548949D92982F6240098D79F /* Products */ = {
			isa = PBXGroup;
			children = (
				548949D82982F6240098D79F /* FirebaseLogin.app */,
			);
			name = Products;
			sourceTree = "<group>";
		};
		548949DA2982F6240098D79F /* FirebaseLogin */ = {
			isa = PBXGroup;
			children = (
				548949FE2982FB660098D79F /* GoogleService-Info.plist */,
				548949DB2982F6240098D79F /* AppDelegate.swift */,
				548949DD2982F6240098D79F /* SceneDelegate.swift */,
				54894A03298305960098D79F /* UserDefaultsManager.swift */,
				548949FB2982F99B0098D79F /* Home */,
				548949FC2982F9A30098D79F /* Register */,
				548949FD2982F9AB0098D79F /* Login */,
				548949E42982F6250098D79F /* Assets.xcassets */,
				548949E62982F6250098D79F /* LaunchScreen.storyboard */,
				548949E92982F6250098D79F /* Info.plist */,
			);
			path = FirebaseLogin;
			sourceTree = "<group>";
		};
		548949FB2982F99B0098D79F /* Home */ = {
			isa = PBXGroup;
			children = (
				548949F72982F9970098D79F /* HomeViewController.swift */,
				548949F82982F9970098D79F /* HomeViewController.xib */,
			);
			path = Home;
			sourceTree = "<group>";
		};
		548949FC2982F9A30098D79F /* Register */ = {
			isa = PBXGroup;
			children = (
				548949F32982F98A0098D79F /* RegisterViewController.swift */,
				548949F42982F98A0098D79F /* RegisterViewController.xib */,
			);
			path = Register;
			sourceTree = "<group>";
		};
		548949FD2982F9AB0098D79F /* Login */ = {
			isa = PBXGroup;
			children = (
				548949EF2982F97C0098D79F /* LoginViewController.swift */,
				548949F02982F97C0098D79F /* LoginViewController.xib */,
			);
			path = Login;
			sourceTree = "<group>";
		};
/* End PBXGroup section */

/* Begin PBXNativeTarget section */
		548949D72982F6240098D79F /* FirebaseLogin */ = {
			isa = PBXNativeTarget;
			buildConfigurationList = 548949EC2982F6250098D79F /* Build configuration list for PBXNativeTarget "FirebaseLogin" */;
			buildPhases = (
				548949D42982F6240098D79F /* Sources */,
				548949D52982F6240098D79F /* Frameworks */,
				548949D62982F6240098D79F /* Resources */,
			);
			buildRules = (
			);
			dependencies = (
			);
			name = FirebaseLogin;
			packageProductDependencies = (
				54894A012982FB990098D79F /* FirebaseAuth */,
			);
			productName = FirebaseLogin;
			productReference = 548949D82982F6240098D79F /* FirebaseLogin.app */;
			productType = "com.apple.product-type.application";
		};
/* End PBXNativeTarget section */

/* Begin PBXProject section */
		548949D02982F6240098D79F /* Project object */ = {
			isa = PBXProject;
			attributes = {
				BuildIndependentTargetsInParallel = 1;
				LastSwiftUpdateCheck = 1420;
				LastUpgradeCheck = 1420;
				TargetAttributes = {
					548949D72982F6240098D79F = {
						CreatedOnToolsVersion = 14.2;
					};
				};
			};
			buildConfigurationList = 548949D32982F6240098D79F /* Build configuration list for PBXProject "FirebaseLogin" */;
			compatibilityVersion = "Xcode 14.0";
			developmentRegion = en;
			hasScannedForEncodings = 0;
			knownRegions = (
				en,
				Base,
			);
			mainGroup = 548949CF2982F6240098D79F;
			packageReferences = (
				54894A002982FB990098D79F /* XCRemoteSwiftPackageReference "firebase-ios-sdk" */,
			);
			productRefGroup = 548949D92982F6240098D79F /* Products */;
			projectDirPath = "";
			projectRoot = "";
			targets = (
				548949D72982F6240098D79F /* FirebaseLogin */,
			);
		};
/* End PBXProject section */

/* Begin PBXResourcesBuildPhase section */
		548949D62982F6240098D79F /* Resources */ = {
			isa = PBXResourcesBuildPhase;
			buildActionMask = 2147483647;
			files = (
				548949E82982F6250098D79F /* LaunchScreen.storyboard in Resources */,
				548949E52982F6250098D79F /* Assets.xcassets in Resources */,
				548949FA2982F9970098D79F /* HomeViewController.xib in Resources */,
				548949F22982F97C0098D79F /* LoginViewController.xib in Resources */,
				548949F62982F98A0098D79F /* RegisterViewController.xib in Resources */,
				548949FF2982FB660098D79F /* GoogleService-Info.plist in Resources */,
			);
			runOnlyForDeploymentPostprocessing = 0;
		};
/* End PBXResourcesBuildPhase section */

/* Begin PBXSourcesBuildPhase section */
		548949D42982F6240098D79F /* Sources */ = {
			isa = PBXSourcesBuildPhase;
			buildActionMask = 2147483647;
			files = (
				548949F92982F9970098D79F /* HomeViewController.swift in Sources */,
				548949F12982F97C0098D79F /* LoginViewController.swift in Sources */,
				54894A04298305960098D79F /* UserDefaultsManager.swift in Sources */,
				548949DC2982F6240098D79F /* AppDelegate.swift in Sources */,
				548949DE2982F6240098D79F /* SceneDelegate.swift in Sources */,
				548949F52982F98A0098D79F /* RegisterViewController.swift in Sources */,
			);
			runOnlyForDeploymentPostprocessing = 0;
		};
/* End PBXSourcesBuildPhase section */

/* Begin PBXVariantGroup section */
		548949E62982F6250098D79F /* LaunchScreen.storyboard */ = {
			isa = PBXVariantGroup;
			children = (
				548949E72982F6250098D79F /* Base */,
			);
			name = LaunchScreen.storyboard;
			sourceTree = "<group>";
		};
/* End PBXVariantGroup section */

/* Begin XCBuildConfiguration section */
		548949EA2982F6250098D79F /* Debug */ = {
			isa = XCBuildConfiguration;
			buildSettings = {
				ALWAYS_SEARCH_USER_PATHS = NO;
				CLANG_ANALYZER_NONNULL = YES;
				CLANG_ANALYZER_NUMBER_OBJECT_CONVERSION = YES_AGGRESSIVE;
				CLANG_CXX_LANGUAGE_STANDARD = "gnu++20";
				CLANG_ENABLE_MODULES = YES;
				CLANG_ENABLE_OBJC_ARC = YES;
				CLANG_ENABLE_OBJC_WEAK = YES;
				CLANG_WARN_BLOCK_CAPTURE_AUTORELEASING = YES;
				CLANG_WARN_BOOL_CONVERSION = YES;
				CLANG_WARN_COMMA = YES;
				CLANG_WARN_CONSTANT_CONVERSION = YES;
				CLANG_WARN_DEPRECATED_OBJC_IMPLEMENTATIONS = YES;
				CLANG_WARN_DIRECT_OBJC_ISA_USAGE = YES_ERROR;
				CLANG_WARN_DOCUMENTATION_COMMENTS = YES;
				CLANG_WARN_EMPTY_BODY = YES;
				CLANG_WARN_ENUM_CONVERSION = YES;
				CLANG_WARN_INFINITE_RECURSION = YES;
				CLANG_WARN_INT_CONVERSION = YES;
				CLANG_WARN_NON_LITERAL_NULL_CONVERSION = YES;
				CLANG_WARN_OBJC_IMPLICIT_RETAIN_SELF = YES;
				CLANG_WARN_OBJC_LITERAL_CONVERSION = YES;
				CLANG_WARN_OBJC_ROOT_CLASS = YES_ERROR;
				CLANG_WARN_QUOTED_INCLUDE_IN_FRAMEWORK_HEADER = YES;
				CLANG_WARN_RANGE_LOOP_ANALYSIS = YES;
				CLANG_WARN_STRICT_PROTOTYPES = YES;
				CLANG_WARN_SUSPICIOUS_MOVE = YES;
				CLANG_WARN_UNGUARDED_AVAILABILITY = YES_AGGRESSIVE;
				CLANG_WARN_UNREACHABLE_CODE = YES;
				CLANG_WARN__DUPLICATE_METHOD_MATCH = YES;
				COPY_PHASE_STRIP = NO;
				DEBUG_INFORMATION_FORMAT = dwarf;
				ENABLE_STRICT_OBJC_MSGSEND = YES;
				ENABLE_TESTABILITY = YES;
				GCC_C_LANGUAGE_STANDARD = gnu11;
				GCC_DYNAMIC_NO_PIC = NO;
				GCC_NO_COMMON_BLOCKS = YES;
				GCC_OPTIMIZATION_LEVEL = 0;
				GCC_PREPROCESSOR_DEFINITIONS = (
					"DEBUG=1",
					"$(inherited)",
				);
				GCC_WARN_64_TO_32_BIT_CONVERSION = YES;
				GCC_WARN_ABOUT_RETURN_TYPE = YES_ERROR;
				GCC_WARN_UNDECLARED_SELECTOR = YES;
				GCC_WARN_UNINITIALIZED_AUTOS = YES_AGGRESSIVE;
				GCC_WARN_UNUSED_FUNCTION = YES;
				GCC_WARN_UNUSED_VARIABLE = YES;
				IPHONEOS_DEPLOYMENT_TARGET = 16.2;
				MTL_ENABLE_DEBUG_INFO = INCLUDE_SOURCE;
				MTL_FAST_MATH = YES;
				ONLY_ACTIVE_ARCH = YES;
				SDKROOT = iphoneos;
				SWIFT_ACTIVE_COMPILATION_CONDITIONS = DEBUG;
				SWIFT_OPTIMIZATION_LEVEL = "-Onone";
			};
			name = Debug;
		};
		548949EB2982F6250098D79F /* Release */ = {
			isa = XCBuildConfiguration;
			buildSettings = {
				ALWAYS_SEARCH_USER_PATHS = NO;
				CLANG_ANALYZER_NONNULL = YES;
				CLANG_ANALYZER_NUMBER_OBJECT_CONVERSION = YES_AGGRESSIVE;
				CLANG_CXX_LANGUAGE_STANDARD = "gnu++20";
				CLANG_ENABLE_MODULES = YES;
				CLANG_ENABLE_OBJC_ARC = YES;
				CLANG_ENABLE_OBJC_WEAK = YES;
				CLANG_WARN_BLOCK_CAPTURE_AUTORELEASING = YES;
				CLANG_WARN_BOOL_CONVERSION = YES;
				CLANG_WARN_COMMA = YES;
				CLANG_WARN_CONSTANT_CONVERSION = YES;
				CLANG_WARN_DEPRECATED_OBJC_IMPLEMENTATIONS = YES;
				CLANG_WARN_DIRECT_OBJC_ISA_USAGE = YES_ERROR;
				CLANG_WARN_DOCUMENTATION_COMMENTS = YES;
				CLANG_WARN_EMPTY_BODY = YES;
				CLANG_WARN_ENUM_CONVERSION = YES;
				CLANG_WARN_INFINITE_RECURSION = YES;
				CLANG_WARN_INT_CONVERSION = YES;
				CLANG_WARN_NON_LITERAL_NULL_CONVERSION = YES;
				CLANG_WARN_OBJC_IMPLICIT_RETAIN_SELF = YES;
				CLANG_WARN_OBJC_LITERAL_CONVERSION = YES;
				CLANG_WARN_OBJC_ROOT_CLASS = YES_ERROR;
				CLANG_WARN_QUOTED_INCLUDE_IN_FRAMEWORK_HEADER = YES;
				CLANG_WARN_RANGE_LOOP_ANALYSIS = YES;
				CLANG_WARN_STRICT_PROTOTYPES = YES;
				CLANG_WARN_SUSPICIOUS_MOVE = YES;
				CLANG_WARN_UNGUARDED_AVAILABILITY = YES_AGGRESSIVE;
				CLANG_WARN_UNREACHABLE_CODE = YES;
				CLANG_WARN__DUPLICATE_METHOD_MATCH = YES;
				COPY_PHASE_STRIP = NO;
				DEBUG_INFORMATION_FORMAT = "dwarf-with-dsym";
				ENABLE_NS_ASSERTIONS = NO;
				ENABLE_STRICT_OBJC_MSGSEND = YES;
				GCC_C_LANGUAGE_STANDARD = gnu11;
				GCC_NO_COMMON_BLOCKS = YES;
				GCC_WARN_64_TO_32_BIT_CONVERSION = YES;
				GCC_WARN_ABOUT_RETURN_TYPE = YES_ERROR;
				GCC_WARN_UNDECLARED_SELECTOR = YES;
				GCC_WARN_UNINITIALIZED_AUTOS = YES_AGGRESSIVE;
				GCC_WARN_UNUSED_FUNCTION = YES;
				GCC_WARN_UNUSED_VARIABLE = YES;
				IPHONEOS_DEPLOYMENT_TARGET = 16.2;
				MTL_ENABLE_DEBUG_INFO = NO;
				MTL_FAST_MATH = YES;
				SDKROOT = iphoneos;
				SWIFT_COMPILATION_MODE = wholemodule;
				SWIFT_OPTIMIZATION_LEVEL = "-O";
				VALIDATE_PRODUCT = YES;
			};
			name = Release;
		};
		548949ED2982F6250098D79F /* Debug */ = {
			isa = XCBuildConfiguration;
			buildSettings = {
				ASSETCATALOG_COMPILER_APPICON_NAME = AppIcon;
				ASSETCATALOG_COMPILER_GLOBAL_ACCENT_COLOR_NAME = AccentColor;
				CODE_SIGN_STYLE = Automatic;
				CURRENT_PROJECT_VERSION = 1;
				DEVELOPMENT_TEAM = SD98EDDB4C;
				GENERATE_INFOPLIST_FILE = YES;
				INFOPLIST_FILE = FirebaseLogin/Info.plist;
				INFOPLIST_KEY_UIApplicationSupportsIndirectInputEvents = YES;
				INFOPLIST_KEY_UILaunchStoryboardName = LaunchScreen;
				INFOPLIST_KEY_UIMainStoryboardFile = "";
				INFOPLIST_KEY_UISupportedInterfaceOrientations_iPad = "UIInterfaceOrientationPortrait UIInterfaceOrientationPortraitUpsideDown UIInterfaceOrientationLandscapeLeft UIInterfaceOrientationLandscapeRight";
				INFOPLIST_KEY_UISupportedInterfaceOrientations_iPhone = "UIInterfaceOrientationPortrait UIInterfaceOrientationLandscapeLeft UIInterfaceOrientationLandscapeRight";
				LD_RUNPATH_SEARCH_PATHS = (
					"$(inherited)",
					"@executable_path/Frameworks",
				);
				MARKETING_VERSION = 1.0;
				PRODUCT_BUNDLE_IDENTIFIER = com.manu.FirebaseLogin;
				PRODUCT_NAME = "$(TARGET_NAME)";
				SWIFT_EMIT_LOC_STRINGS = YES;
				SWIFT_VERSION = 5.0;
				TARGETED_DEVICE_FAMILY = "1,2";
			};
			name = Debug;
		};
		548949EE2982F6250098D79F /* Release */ = {
			isa = XCBuildConfiguration;
			buildSettings = {
				ASSETCATALOG_COMPILER_APPICON_NAME = AppIcon;
				ASSETCATALOG_COMPILER_GLOBAL_ACCENT_COLOR_NAME = AccentColor;
				CODE_SIGN_STYLE = Automatic;
				CURRENT_PROJECT_VERSION = 1;
				DEVELOPMENT_TEAM = SD98EDDB4C;
				GENERATE_INFOPLIST_FILE = YES;
				INFOPLIST_FILE = FirebaseLogin/Info.plist;
				INFOPLIST_KEY_UIApplicationSupportsIndirectInputEvents = YES;
				INFOPLIST_KEY_UILaunchStoryboardName = LaunchScreen;
				INFOPLIST_KEY_UIMainStoryboardFile = "";
				INFOPLIST_KEY_UISupportedInterfaceOrientations_iPad = "UIInterfaceOrientationPortrait UIInterfaceOrientationPortraitUpsideDown UIInterfaceOrientationLandscapeLeft UIInterfaceOrientationLandscapeRight";
				INFOPLIST_KEY_UISupportedInterfaceOrientations_iPhone = "UIInterfaceOrientationPortrait UIInterfaceOrientationLandscapeLeft UIInterfaceOrientationLandscapeRight";
				LD_RUNPATH_SEARCH_PATHS = (
					"$(inherited)",
					"@executable_path/Frameworks",
				);
				MARKETING_VERSION = 1.0;
				PRODUCT_BUNDLE_IDENTIFIER = com.manu.FirebaseLogin;
				PRODUCT_NAME = "$(TARGET_NAME)";
				SWIFT_EMIT_LOC_STRINGS = YES;
				SWIFT_VERSION = 5.0;
				TARGETED_DEVICE_FAMILY = "1,2";
			};
			name = Release;
		};
/* End XCBuildConfiguration section */

/* Begin XCConfigurationList section */
		548949D32982F6240098D79F /* Build configuration list for PBXProject "FirebaseLogin" */ = {
			isa = XCConfigurationList;
			buildConfigurations = (
				548949EA2982F6250098D79F /* Debug */,
				548949EB2982F6250098D79F /* Release */,
			);
			defaultConfigurationIsVisible = 0;
			defaultConfigurationName = Release;
		};
		548949EC2982F6250098D79F /* Build configuration list for PBXNativeTarget "FirebaseLogin" */ = {
			isa = XCConfigurationList;
			buildConfigurations = (
				548949ED2982F6250098D79F /* Debug */,
				548949EE2982F6250098D79F /* Release */,
			);
			defaultConfigurationIsVisible = 0;
			defaultConfigurationName = Release;
		};
/* End XCConfigurationList section */

/* Begin XCRemoteSwiftPackageReference section */
		54894A002982FB990098D79F /* XCRemoteSwiftPackageReference "firebase-ios-sdk" */ = {
			isa = XCRemoteSwiftPackageReference;
			repositoryURL = "https://github.com/firebase/firebase-ios-sdk";
			requirement = {
				kind = upToNextMajorVersion;
				minimumVersion = 9.0.0;
			};
		};
/* End XCRemoteSwiftPackageReference section */

/* Begin XCSwiftPackageProductDependency section */
		54894A012982FB990098D79F /* FirebaseAuth */ = {
			isa = XCSwiftPackageProductDependency;
			package = 54894A002982FB990098D79F /* XCRemoteSwiftPackageReference "firebase-ios-sdk" */;
			productName = FirebaseAuth;
		};
/* End XCSwiftPackageProductDependency section */
	};
	rootObject = 548949D02982F6240098D79F /* Project object */;
}
